{
  "name": "Zafs_kitchen",
  "lockfileVersion": 3,
  "requires": true,
  "packages": {
    "": {
      "dependencies": {
        "dashboard": "^0.0.1"
      }
    },
    "node_modules/backbone": {
      "version": "1.6.1",
      "resolved": "https://registry.npmjs.org/backbone/-/backbone-1.6.1.tgz",
      "integrity": "sha512-YQzWxOrIgL6BoFnZjThVN99smKYhyEXXFyJJ2lsF1wJLyo4t+QjmkLrH8/fN22FZ4ykF70Xq7PgTugJVR4zS9Q==",
      "license": "MIT",
      "dependencies": {
        "underscore": ">=1.8.3"
      }
    },
    "node_modules/dashboard": {
      "version": "0.0.1",
      "resolved": "https://registry.npmjs.org/dashboard/-/dashboard-0.0.1.tgz",
      "integrity": "sha512-Fj5gUksHYOwKYoaCE1RGznKPbc73tF3pFWnXMb3jJRWQ/mEJxvj6qjmK2tn3K+osi5jLCPwTK87v//4CvvYIog==",
      "dependencies": {
        "backbone": ">=0.3.3",
        "underscore": ">=1.1.2"
      },
      "engines": {
        "node": "*"
      }
    },
    "node_modules/underscore": {
      "version": "1.13.7",
      "resolved": "https://registry.npmjs.org/underscore/-/underscore-1.13.7.tgz",
      "integrity": "sha512-GMXzWtsc57XAtguZgaQViUOzs0KTkk8ojr3/xAxXLITqf/3EMwxC0inyETfDFjH/Krbhuep0HNbbjI9i/q3F3g==",
      "license": "MIT"
    }
  }
}
